
Microsoft Visual Studio Solution File, Format Version 12.00
# Visual Studio Version 17
VisualStudioVersion = 17.14.36518.9 d17.14
MinimumVisualStudioVersion = 10.0.40219.1
Project("{FAE04EC0-301F-11D3-BF4B-00C04F79EFBC}") = "StudentAffairs", "StudentAffairs\StudentAffairs.csproj", "{096E60CE-B6A0-4AD0-A3A8-E33689C957BC}"
EndProject
Global
	GlobalSection(SolutionConfigurationPlatforms) = preSolution
		Debug|Any CPU = Debug|Any CPU
		Release|Any CPU = Release|Any CPU
	EndGlobalSection
	GlobalSection(ProjectConfigurationPlatforms) = postSolution
		{096E60CE-B6A0-4AD0-A3A8-E33689C957BC}.Debug|Any CPU.ActiveCfg = Debug|Any CPU
		{096E60CE-B6A0-4AD0-A3A8-E33689C957BC}.Debug|Any CPU.Build.0 = Debug|Any CPU
		{096E60CE-B6A0-4AD0-A3A8-E33689C957BC}.Release|Any CPU.ActiveCfg = Release|Any CPU
		{096E60CE-B6A0-4AD0-A3A8-E33689C957BC}.Release|Any CPU.Build.0 = Release|Any CPU
	EndGlobalSection
	GlobalSection(SolutionProperties) = preSolution
		HideSolutionNode = FALSE
	EndGlobalSection
	GlobalSection(ExtensibilityGlobals) = postSolution
		SolutionGuid = {AD16DD5C-85D5-47C0-9E9A-DC5763293532}
	EndGlobalSection
EndGlobal
